<?xml version="1.0" encoding="utf-8"?>
<Project ToolsVersion="4.0" xmlns="http://schemas.microsoft.com/developer/msbuild/2003">
  <ItemGroup>
    <Filter Include="Feur">
      <UniqueIdentifier>{372F857C-2366-860D-CC52-6C10B868020F}</UniqueIdentifier>
    </Filter>
    <Filter Include="Feur\Core">
      <UniqueIdentifier>{EF6DDF3D-5BD8-93B4-A416-455A10C07109}</UniqueIdentifier>
    </Filter>
    <Filter Include="Feur\UI">
      <UniqueIdentifier>{04CB4904-70AA-C89F-79C2-5376E5202F01}</UniqueIdentifier>
    </Filter>
    <Filter Include="GUFeur">
      <UniqueIdentifier>{F38BA7B3-DF2D-D289-C8E8-E5DDB42959DA}</UniqueIdentifier>
    </Filter>
    <Filter Include="GUFeur\Core">
      <UniqueIdentifier>{2B20658B-97D5-DD80-20CA-D7578C7ED484}</UniqueIdentifier>
    </Filter>
    <Filter Include="GUFeur\Renderer">
      <UniqueIdentifier>{F9F0E6C8-657C-548D-6E8D-D781DA97B08D}</UniqueIdentifier>
    </Filter>
    <Filter Include="GUFeur\Renderer\Core">
      <UniqueIdentifier>{F1980A67-DD27-9430-8646-A82B72B4A4D6}</UniqueIdentifier>
    </Filter>
    <Filter Include="GUFeur\Renderer\Vulkan">
      <UniqueIdentifier>{590CD080-4506-F9D2-2E73-8FE31A0C5F3F}</UniqueIdentifier>
    </Filter>
    <Filter Include="GUFeur\UIElement">
      <UniqueIdentifier>{AAE6992A-96DF-B87C-BF11-9E01AB699888}</UniqueIdentifier>
    </Filter>
  </ItemGroup>
  <ItemGroup>
    <ClInclude Include="src\Feur.h" />
    <ClInclude Include="src\Feur\Core\Application.h">
      <Filter>Feur\Core</Filter>
    </ClInclude>
    <ClInclude Include="src\Feur\Core\Device.h">
      <Filter>Feur\Core</Filter>
    </ClInclude>
    <ClInclude Include="src\Feur\Core\Model.h">
      <Filter>Feur\Core</Filter>
    </ClInclude>
    <ClInclude Include="src\Feur\Core\Pipeline.h">
      <Filter>Feur\Core</Filter>
    </ClInclude>
    <ClInclude Include="src\Feur\Core\Swap_chain.h">
      <Filter>Feur\Core</Filter>
    </ClInclude>
    <ClInclude Include="src\Feur\Core\Window.h">
      <Filter>Feur\Core</Filter>
    </ClInclude>
    <ClInclude Include="src\Feur\UI\Widget.h">
      <Filter>Feur\UI</Filter>
    </ClInclude>
    <ClInclude Include="src\GUFeur\Core\AppWindow.h">
      <Filter>GUFeur\Core</Filter>
    </ClInclude>
    <ClInclude Include="src\GUFeur\Core\Application.h">
      <Filter>GUFeur\Core</Filter>
    </ClInclude>
    <ClInclude Include="src\GUFeur\Core\Core.h">
      <Filter>GUFeur\Core</Filter>
    </ClInclude>
    <ClInclude Include="src\GUFeur\Core\RenderingAPI.h">
      <Filter>GUFeur\Core</Filter>
    </ClInclude>
    <ClInclude Include="src\GUFeur\Renderer\Core\Model.h">
      <Filter>GUFeur\Renderer\Core</Filter>
    </ClInclude>
    <ClInclude Include="src\GUFeur\Renderer\Core\VertexBuffer.h">
      <Filter>GUFeur\Renderer\Core</Filter>
    </ClInclude>
    <ClInclude Include="src\GUFeur\Renderer\Vulkan\Device.h">
      <Filter>GUFeur\Renderer\Vulkan</Filter>
    </ClInclude>
    <ClInclude Include="src\GUFeur\Renderer\Vulkan\GraphicPipeline.h">
      <Filter>GUFeur\Renderer\Vulkan</Filter>
    </ClInclude>
    <ClInclude Include="src\GUFeur\Renderer\Vulkan\Swapchain.h">
      <Filter>GUFeur\Renderer\Vulkan</Filter>
    </ClInclude>
    <ClInclude Include="src\GUFeur\Renderer\Vulkan\VulkanAllocator.h">
      <Filter>GUFeur\Renderer\Vulkan</Filter>
    </ClInclude>
    <ClInclude Include="src\GUFeur\Renderer\Vulkan\VulkanMemoryAllocator.h">
      <Filter>GUFeur\Renderer\Vulkan</Filter>
    </ClInclude>
    <ClInclude Include="src\GUFeur\Renderer\Vulkan\VulkanRenderingAPI.h">
      <Filter>GUFeur\Renderer\Vulkan</Filter>
    </ClInclude>
    <ClInclude Include="src\GUFeur\Renderer\Vulkan\VulkanVertexBuffer.h">
      <Filter>GUFeur\Renderer\Vulkan</Filter>
    </ClInclude>
    <ClInclude Include="src\GUFeur\UIElement\UIElement.h">
      <Filter>GUFeur\UIElement</Filter>
    </ClInclude>
    <ClInclude Include="src\GUFeur\UIElement\UIElementStyle.h">
      <Filter>GUFeur\UIElement</Filter>
    </ClInclude>
    <ClInclude Include="src\fpch.h" />
  </ItemGroup>
  <ItemGroup>
    <ClCompile Include="src\Feur\Core\Application.cpp">
      <Filter>Feur\Core</Filter>
    </ClCompile>
    <ClCompile Include="src\Feur\Core\Device.cpp">
      <Filter>Feur\Core</Filter>
    </ClCompile>
    <ClCompile Include="src\Feur\Core\Model.cpp">
      <Filter>Feur\Core</Filter>
    </ClCompile>
    <ClCompile Include="src\Feur\Core\Pipeline.cpp">
      <Filter>Feur\Core</Filter>
    </ClCompile>
    <ClCompile Include="src\Feur\Core\Swap_chain.cpp">
      <Filter>Feur\Core</Filter>
    </ClCompile>
    <ClCompile Include="src\Feur\Core\Window.cpp">
      <Filter>Feur\Core</Filter>
    </ClCompile>
    <ClCompile Include="src\Feur\EntryPoint.cpp">
      <Filter>Feur</Filter>
    </ClCompile>
    <ClCompile Include="src\Feur\UI\Widget.cpp">
      <Filter>Feur\UI</Filter>
    </ClCompile>
    <ClCompile Include="src\GUFeur\Core\AppWindow.cpp">
      <Filter>GUFeur\Core</Filter>
    </ClCompile>
    <ClCompile Include="src\GUFeur\Core\Application.cpp">
      <Filter>GUFeur\Core</Filter>
    </ClCompile>
    <ClCompile Include="src\GUFeur\Core\RenderingAPI.cpp">
      <Filter>GUFeur\Core</Filter>
    </ClCompile>
    <ClCompile Include="src\GUFeur\EntryPoint.cpp">
      <Filter>GUFeur</Filter>
    </ClCompile>
    <ClCompile Include="src\GUFeur\Renderer\Core\VertexBuffer.cpp">
      <Filter>GUFeur\Renderer\Core</Filter>
    </ClCompile>
    <ClCompile Include="src\GUFeur\Renderer\Vulkan\Device.cpp">
      <Filter>GUFeur\Renderer\Vulkan</Filter>
    </ClCompile>
    <ClCompile Include="src\GUFeur\Renderer\Vulkan\GraphicPipeline.cpp">
      <Filter>GUFeur\Renderer\Vulkan</Filter>
    </ClCompile>
    <ClCompile Include="src\GUFeur\Renderer\Vulkan\Swapchain.cpp">
      <Filter>GUFeur\Renderer\Vulkan</Filter>
    </ClCompile>
    <ClCompile Include="src\GUFeur\Renderer\Vulkan\VulkanAllocator.cpp">
      <Filter>GUFeur\Renderer\Vulkan</Filter>
    </ClCompile>
    <ClCompile Include="src\GUFeur\Renderer\Vulkan\VulkanMemoryAllocator.cpp">
      <Filter>GUFeur\Renderer\Vulkan</Filter>
    </ClCompile>
    <ClCompile Include="src\GUFeur\Renderer\Vulkan\VulkanRenderingAPI.cpp">
      <Filter>GUFeur\Renderer\Vulkan</Filter>
    </ClCompile>
    <ClCompile Include="src\GUFeur\Renderer\Vulkan\VulkanVertexBuffer.cpp">
      <Filter>GUFeur\Renderer\Vulkan</Filter>
    </ClCompile>
    <ClCompile Include="src\GUFeur\UIElement\UIElement.cpp">
      <Filter>GUFeur\UIElement</Filter>
    </ClCompile>
    <ClCompile Include="src\fpch.cpp" />
  </ItemGroup>
</Project>