<?xml version="1.0" encoding="utf-8"?>
<Project ToolsVersion="4.0" xmlns="http://schemas.microsoft.com/developer/msbuild/2003">
  <ItemGroup>
    <Filter Include="Feur">
      <UniqueIdentifier>{372F857C-2366-860D-CC52-6C10B868020F}</UniqueIdentifier>
    </Filter>
    <Filter Include="Feur\Core">
      <UniqueIdentifier>{EF6DDF3D-5BD8-93B4-A416-455A10C07109}</UniqueIdentifier>
    </Filter>
    <Filter Include="Feur\UI">
      <UniqueIdentifier>{04CB4904-70AA-C89F-79C2-5376E5202F01}</UniqueIdentifier>
    </Filter>
  </ItemGroup>
  <ItemGroup>
    <ClInclude Include="src\Feur.h" />
    <ClInclude Include="src\Feur\Core\Application.h">
      <Filter>Feur\Core</Filter>
    </ClInclude>
    <ClInclude Include="src\Feur\UI\Button.h">
      <Filter>Feur\UI</Filter>
    </ClInclude>
    <ClInclude Include="src\Feur\UI\Widget.h">
      <Filter>Feur\UI</Filter>
    </ClInclude>
    <ClInclude Include="src\Feur\UI\Window.h">
      <Filter>Feur\UI</Filter>
    </ClInclude>
    <ClInclude Include="src\fpch.h" />
  </ItemGroup>
  <ItemGroup>
    <ClCompile Include="src\Feur\Core\Application.cpp">
      <Filter>Feur\Core</Filter>
    </ClCompile>
    <ClCompile Include="src\Feur\EntryPoint.cpp">
      <Filter>Feur</Filter>
    </ClCompile>
    <ClCompile Include="src\Feur\UI\Button.cpp">
      <Filter>Feur\UI</Filter>
    </ClCompile>
    <ClCompile Include="src\Feur\UI\Widget.cpp">
      <Filter>Feur\UI</Filter>
    </ClCompile>
    <ClCompile Include="src\Feur\UI\Window.cpp">
      <Filter>Feur\UI</Filter>
    </ClCompile>
    <ClCompile Include="src\fpch.cpp" />
  </ItemGroup>
</Project>