<?xml version="1.0" encoding="utf-8"?>
<Project ToolsVersion="4.0" xmlns="http://schemas.microsoft.com/developer/msbuild/2003">
  <ItemGroup>
    <Filter Include="Feur">
      <UniqueIdentifier>{372F857C-2366-860D-CC52-6C10B868020F}</UniqueIdentifier>
    </Filter>
    <Filter Include="Feur\Events">
      <UniqueIdentifier>{3BB79438-A76C-0D2E-3061-07059C150432}</UniqueIdentifier>
    </Filter>
    <Filter Include="Feur\Imgui">
      <UniqueIdentifier>{C17938FA-AD31-7A47-1639-53A302101538}</UniqueIdentifier>
    </Filter>
    <Filter Include="Platform">
      <UniqueIdentifier>{2AC788B4-1694-E3BF-3FAD-D1672BD9184E}</UniqueIdentifier>
    </Filter>
    <Filter Include="Platform\OpenGL">
      <UniqueIdentifier>{1E7D2C1D-8A08-9AE1-9319-1DD6FF23F6E1}</UniqueIdentifier>
    </Filter>
    <Filter Include="Platform\Windows">
      <UniqueIdentifier>{64FBD71A-50F4-F66C-7926-DCF1657ED678}</UniqueIdentifier>
    </Filter>
  </ItemGroup>
  <ItemGroup>
    <ClInclude Include="src\Feur.h" />
    <ClInclude Include="src\Feur\Application.h">
      <Filter>Feur</Filter>
    </ClInclude>
    <ClInclude Include="src\Feur\Core.h">
      <Filter>Feur</Filter>
    </ClInclude>
    <ClInclude Include="src\Feur\EntryPoint.h">
      <Filter>Feur</Filter>
    </ClInclude>
    <ClInclude Include="src\Feur\Events\ApplicationEvent.h">
      <Filter>Feur\Events</Filter>
    </ClInclude>
    <ClInclude Include="src\Feur\Events\Event.h">
      <Filter>Feur\Events</Filter>
    </ClInclude>
    <ClInclude Include="src\Feur\Events\KeyEvent.h">
      <Filter>Feur\Events</Filter>
    </ClInclude>
    <ClInclude Include="src\Feur\Events\MouseEvent.h">
      <Filter>Feur\Events</Filter>
    </ClInclude>
    <ClInclude Include="src\Feur\Imgui\ImGuiLayer.h">
      <Filter>Feur\Imgui</Filter>
    </ClInclude>
    <ClInclude Include="src\Feur\Input.h">
      <Filter>Feur</Filter>
    </ClInclude>
    <ClInclude Include="src\Feur\KeyCodes.h">
      <Filter>Feur</Filter>
    </ClInclude>
    <ClInclude Include="src\Feur\Layer.h">
      <Filter>Feur</Filter>
    </ClInclude>
    <ClInclude Include="src\Feur\LayerStack.h">
      <Filter>Feur</Filter>
    </ClInclude>
    <ClInclude Include="src\Feur\Log.h">
      <Filter>Feur</Filter>
    </ClInclude>
    <ClInclude Include="src\Feur\MousebuttonCodes.h">
      <Filter>Feur</Filter>
    </ClInclude>
    <ClInclude Include="src\Feur\Window.h">
      <Filter>Feur</Filter>
    </ClInclude>
    <ClInclude Include="src\Platform\OpenGL\ImGuiOpenGLRenderer.h">
      <Filter>Platform\OpenGL</Filter>
    </ClInclude>
    <ClInclude Include="src\Platform\Windows\WindowsInput.h">
      <Filter>Platform\Windows</Filter>
    </ClInclude>
    <ClInclude Include="src\Platform\Windows\WindowsWindow.h">
      <Filter>Platform\Windows</Filter>
    </ClInclude>
    <ClInclude Include="src\fpch.h" />
  </ItemGroup>
  <ItemGroup>
    <ClCompile Include="src\Feur\Application.cpp">
      <Filter>Feur</Filter>
    </ClCompile>
    <ClCompile Include="src\Feur\Imgui\ImGuiLayer.cpp">
      <Filter>Feur\Imgui</Filter>
    </ClCompile>
    <ClCompile Include="src\Feur\Layer.cpp">
      <Filter>Feur</Filter>
    </ClCompile>
    <ClCompile Include="src\Feur\LayerStack.cpp">
      <Filter>Feur</Filter>
    </ClCompile>
    <ClCompile Include="src\Feur\Log.cpp">
      <Filter>Feur</Filter>
    </ClCompile>
    <ClCompile Include="src\Platform\OpenGL\ImGuiOpenGLRenderer.cpp">
      <Filter>Platform\OpenGL</Filter>
    </ClCompile>
    <ClCompile Include="src\Platform\Windows\WindowsInput.cpp">
      <Filter>Platform\Windows</Filter>
    </ClCompile>
    <ClCompile Include="src\Platform\Windows\WindowsWindow.cpp">
      <Filter>Platform\Windows</Filter>
    </ClCompile>
    <ClCompile Include="src\fpch.cpp" />
  </ItemGroup>
</Project>